// !$*UTF8*$!
{
	archiveVersion = 1;
	classes = {
	};
	objectVersion = 56;
	objects = {

/* Begin PBXBuildFile section */
		F00386232BBC79EB00BCB7A6 /* TabbarViewController.swift in Sources */ = {isa = PBXBuildFile; fileRef = F00386222BBC79EB00BCB7A6 /* TabbarViewController.swift */; };
		F00386252BBC7AE300BCB7A6 /* PeopleViewController.swift in Sources */ = {isa = PBXBuildFile; fileRef = F00386242BBC7AE300BCB7A6 /* PeopleViewController.swift */; };
		F01336DC2BFD0F7400902CFD /* PeopleCollectionViewCell.swift in Sources */ = {isa = PBXBuildFile; fileRef = F01336DA2BFD0F7400902CFD /* PeopleCollectionViewCell.swift */; };
		F01336DD2BFD0F7400902CFD /* PeopleCollectionViewCell.xib in Resources */ = {isa = PBXBuildFile; fileRef = F01336DB2BFD0F7400902CFD /* PeopleCollectionViewCell.xib */; };
		F0425E602C00BC7300432792 /* DetailsMovie.swift in Sources */ = {isa = PBXBuildFile; fileRef = F0425E5F2C00BC7300432792 /* DetailsMovie.swift */; };
		F0425E632C00BDAF00432792 /* DetailsViewController.swift in Sources */ = {isa = PBXBuildFile; fileRef = F0425E612C00BDAF00432792 /* DetailsViewController.swift */; };
		F0425E642C00BDAF00432792 /* DetailsViewController.xib in Resources */ = {isa = PBXBuildFile; fileRef = F0425E622C00BDAF00432792 /* DetailsViewController.xib */; };
		F0425E662C00E62A00432792 /* DetailRouter.swift in Sources */ = {isa = PBXBuildFile; fileRef = F0425E652C00E62A00432792 /* DetailRouter.swift */; };
		F0425E682C00E65500432792 /* DetailPresenter.swift in Sources */ = {isa = PBXBuildFile; fileRef = F0425E672C00E65500432792 /* DetailPresenter.swift */; };
		F0425E6A2C00E68300432792 /* Detailınteractor.swift in Sources */ = {isa = PBXBuildFile; fileRef = F0425E692C00E68300432792 /* Detailınteractor.swift */; };
		F04D64A32BE130AE00209CF3 /* SDWebImage in Frameworks */ = {isa = PBXBuildFile; productRef = F04D64A22BE130AE00209CF3 /* SDWebImage */; };
		F04D64A52BE130AE00209CF3 /* SDWebImageMapKit in Frameworks */ = {isa = PBXBuildFile; productRef = F04D64A42BE130AE00209CF3 /* SDWebImageMapKit */; };
		F04E135A2C11B7C9004C2285 /* FavoriteTableCell.swift in Sources */ = {isa = PBXBuildFile; fileRef = F04E13582C11B7C9004C2285 /* FavoriteTableCell.swift */; };
		F04E135B2C11B7C9004C2285 /* FavoriteTableCell.xib in Resources */ = {isa = PBXBuildFile; fileRef = F04E13592C11B7C9004C2285 /* FavoriteTableCell.xib */; };
		F04E135D2C11CB8E004C2285 /* FavoritePresenter.swift in Sources */ = {isa = PBXBuildFile; fileRef = F04E135C2C11CB8D004C2285 /* FavoritePresenter.swift */; };
		F050B14F2BD6FA260079BE2F /* HorizontalViewCell.swift in Sources */ = {isa = PBXBuildFile; fileRef = F050B14D2BD6FA260079BE2F /* HorizontalViewCell.swift */; };
		F050B1502BD6FA260079BE2F /* HorizontalViewCell.xib in Resources */ = {isa = PBXBuildFile; fileRef = F050B14E2BD6FA260079BE2F /* HorizontalViewCell.xib */; };
		F056DB022BB5F18300333A28 /* GoogleService-Info.plist in Resources */ = {isa = PBXBuildFile; fileRef = F056DB012BB5F18200333A28 /* GoogleService-Info.plist */; };
		F056DB042BB5F35600333A28 /* AuthSigin.swift in Sources */ = {isa = PBXBuildFile; fileRef = F056DB032BB5F35600333A28 /* AuthSigin.swift */; };
		F056DB072BB5F3BF00333A28 /* SigninViewController.swift in Sources */ = {isa = PBXBuildFile; fileRef = F056DB062BB5F3BF00333A28 /* SigninViewController.swift */; };
		F05EB8F92BB8BC09001FC6FE /* HomeInteractor.swift in Sources */ = {isa = PBXBuildFile; fileRef = F05EB8F82BB8BC09001FC6FE /* HomeInteractor.swift */; };
		F05EB8FB2BB8BC16001FC6FE /* HomeRouter.swift in Sources */ = {isa = PBXBuildFile; fileRef = F05EB8FA2BB8BC16001FC6FE /* HomeRouter.swift */; };
		F05EB8FD2BB8BC1F001FC6FE /* HomePresenter.swift in Sources */ = {isa = PBXBuildFile; fileRef = F05EB8FC2BB8BC1F001FC6FE /* HomePresenter.swift */; };
		F05EB8FF2BB8BC2C001FC6FE /* HomeViewController.swift in Sources */ = {isa = PBXBuildFile; fileRef = F05EB8FE2BB8BC2C001FC6FE /* HomeViewController.swift */; };
		F06A0B2F2BE6D5FA007E28E3 /* LabelCollectionViewCell.swift in Sources */ = {isa = PBXBuildFile; fileRef = F06A0B2D2BE6D5FA007E28E3 /* LabelCollectionViewCell.swift */; };
		F06A0B302BE6D5FA007E28E3 /* LabelCollectionViewCell.xib in Resources */ = {isa = PBXBuildFile; fileRef = F06A0B2E2BE6D5FA007E28E3 /* LabelCollectionViewCell.xib */; };
		F06A0B322BE6DBD9007E28E3 /* GenreEntitiy.swift in Sources */ = {isa = PBXBuildFile; fileRef = F06A0B312BE6DBD9007E28E3 /* GenreEntitiy.swift */; };
		F06A0B342BE6DC91007E28E3 /* GenreHandler.swift in Sources */ = {isa = PBXBuildFile; fileRef = F06A0B332BE6DC91007E28E3 /* GenreHandler.swift */; };
		F079046D2BA093E2000EA4B5 /* SnapKit in Frameworks */ = {isa = PBXBuildFile; productRef = F079046C2BA093E2000EA4B5 /* SnapKit */; };
		F079046F2BA093E2000EA4B5 /* SnapKit-Dynamic in Frameworks */ = {isa = PBXBuildFile; productRef = F079046E2BA093E2000EA4B5 /* SnapKit-Dynamic */; };
		F07904712BA0C561000EA4B5 /* OnboardViewControler.swift in Sources */ = {isa = PBXBuildFile; fileRef = F07904702BA0C561000EA4B5 /* OnboardViewControler.swift */; };
		F08113DE2BDEC30A00C06B39 /* Entitiy.swift in Sources */ = {isa = PBXBuildFile; fileRef = F08113DD2BDEC30A00C06B39 /* Entitiy.swift */; };
		F091EBC62B9FBA4400A6A042 /* AppDelegate.swift in Sources */ = {isa = PBXBuildFile; fileRef = F091EBC52B9FBA4400A6A042 /* AppDelegate.swift */; };
		F091EBC82B9FBA4400A6A042 /* SceneDelegate.swift in Sources */ = {isa = PBXBuildFile; fileRef = F091EBC72B9FBA4400A6A042 /* SceneDelegate.swift */; };
		F091EBCA2B9FBA4400A6A042 /* ViewController.swift in Sources */ = {isa = PBXBuildFile; fileRef = F091EBC92B9FBA4400A6A042 /* ViewController.swift */; };
		F091EBCF2B9FBA4600A6A042 /* Assets.xcassets in Resources */ = {isa = PBXBuildFile; fileRef = F091EBCE2B9FBA4600A6A042 /* Assets.xcassets */; };
		F091EBD22B9FBA4600A6A042 /* LaunchScreen.storyboard in Resources */ = {isa = PBXBuildFile; fileRef = F091EBD02B9FBA4600A6A042 /* LaunchScreen.storyboard */; };
		F091EBDD2B9FBA4600A6A042 /* MovieWorldAppTests.swift in Sources */ = {isa = PBXBuildFile; fileRef = F091EBDC2B9FBA4600A6A042 /* MovieWorldAppTests.swift */; };
		F091EBE72B9FBA4600A6A042 /* MovieWorldAppUITests.swift in Sources */ = {isa = PBXBuildFile; fileRef = F091EBE62B9FBA4600A6A042 /* MovieWorldAppUITests.swift */; };
		F091EBE92B9FBA4600A6A042 /* MovieWorldAppUITestsLaunchTests.swift in Sources */ = {isa = PBXBuildFile; fileRef = F091EBE82B9FBA4600A6A042 /* MovieWorldAppUITestsLaunchTests.swift */; };
		F0A0A5892BADFA0100306897 /* AuthRoture.swift in Sources */ = {isa = PBXBuildFile; fileRef = F0A0A5882BADFA0100306897 /* AuthRoture.swift */; };
		F0A0A58B2BADFA1100306897 /* AuthPresenter.swift in Sources */ = {isa = PBXBuildFile; fileRef = F0A0A58A2BADFA1100306897 /* AuthPresenter.swift */; };
		F0A0A58D2BADFA3500306897 /* Entity.swift in Sources */ = {isa = PBXBuildFile; fileRef = F0A0A58C2BADFA3500306897 /* Entity.swift */; };
		F0A0A58F2BADFA7700306897 /* AuthInteractor.swift in Sources */ = {isa = PBXBuildFile; fileRef = F0A0A58E2BADFA7700306897 /* AuthInteractor.swift */; };
		F0A43D0D2BA98EB6007346B3 /* Alamofire in Frameworks */ = {isa = PBXBuildFile; productRef = F0A43D0C2BA98EB6007346B3 /* Alamofire */; };
		F0A43D0F2BA98EB6007346B3 /* AlamofireDynamic in Frameworks */ = {isa = PBXBuildFile; productRef = F0A43D0E2BA98EB6007346B3 /* AlamofireDynamic */; };
		F0A43D132BA98F66007346B3 /* NetworkManager.swift in Sources */ = {isa = PBXBuildFile; fileRef = F0A43D122BA98F66007346B3 /* NetworkManager.swift */; };
		F0A43D152BA9C1C8007346B3 /* NetworkHelper.swift in Sources */ = {isa = PBXBuildFile; fileRef = F0A43D142BA9C1C8007346B3 /* NetworkHelper.swift */; };
		F0A43D192BA9C9DB007346B3 /* AuthenticationView.swift in Sources */ = {isa = PBXBuildFile; fileRef = F0A43D182BA9C9DB007346B3 /* AuthenticationView.swift */; };
		F0A43D1B2BA9CCA3007346B3 /* AuthenticationVC.swift in Sources */ = {isa = PBXBuildFile; fileRef = F0A43D1A2BA9CCA3007346B3 /* AuthenticationVC.swift */; };
		F0A43D1E2BAA0DF9007346B3 /* OnboardRouter.swift in Sources */ = {isa = PBXBuildFile; fileRef = F0A43D1D2BAA0DF9007346B3 /* OnboardRouter.swift */; };
		F0A43D202BAA0E0B007346B3 /* OnboardPresenter.swift in Sources */ = {isa = PBXBuildFile; fileRef = F0A43D1F2BAA0E0B007346B3 /* OnboardPresenter.swift */; };
		F0A6C9A62BB74CD800FF0B9A /* AlertMessage.swift in Sources */ = {isa = PBXBuildFile; fileRef = F0A6C9A52BB74CD800FF0B9A /* AlertMessage.swift */; };
		F0A6C9A82BB7617A00FF0B9A /* FirebaseAuth in Frameworks */ = {isa = PBXBuildFile; productRef = F0A6C9A72BB7617A00FF0B9A /* FirebaseAuth */; };
		F0A6C9AA2BB7617A00FF0B9A /* FirebaseFirestore in Frameworks */ = {isa = PBXBuildFile; productRef = F0A6C9A92BB7617A00FF0B9A /* FirebaseFirestore */; };
		F0A6C9AC2BB7617A00FF0B9A /* FirebaseStorage in Frameworks */ = {isa = PBXBuildFile; productRef = F0A6C9AB2BB7617A00FF0B9A /* FirebaseStorage */; };
		F0C91FCA2BE9808300704A5F /* HomeHeader.swift in Sources */ = {isa = PBXBuildFile; fileRef = F0C91FC82BE9808300704A5F /* HomeHeader.swift */; };
		F0C91FCB2BE9808300704A5F /* HomeHeader.xib in Resources */ = {isa = PBXBuildFile; fileRef = F0C91FC92BE9808300704A5F /* HomeHeader.xib */; };
		F0CAEAF12BA2168900F2F5B9 /* OnboardView.swift in Sources */ = {isa = PBXBuildFile; fileRef = F0CAEAF02BA2168900F2F5B9 /* OnboardView.swift */; };
		F0CAFC8E2BE822A500D80891 /* VerticalCell.swift in Sources */ = {isa = PBXBuildFile; fileRef = F0CAFC8C2BE822A500D80891 /* VerticalCell.swift */; };
		F0CAFC8F2BE822A500D80891 /* VerticalCell.xib in Resources */ = {isa = PBXBuildFile; fileRef = F0CAFC8D2BE822A500D80891 /* VerticalCell.xib */; };
		F0E171DA2C0943BC00ECE11A /* companyViewCell.swift in Sources */ = {isa = PBXBuildFile; fileRef = F0E171D82C0943BC00ECE11A /* companyViewCell.swift */; };
		F0E171DB2C0943BC00ECE11A /* companyViewCell.xib in Resources */ = {isa = PBXBuildFile; fileRef = F0E171D92C0943BC00ECE11A /* companyViewCell.xib */; };
		F0F17EB62BD1762B00668C2D /* PeopleEntity.swift in Sources */ = {isa = PBXBuildFile; fileRef = F0F17EB52BD1762B00668C2D /* PeopleEntity.swift */; };
		F0F17EB82BD1764800668C2D /* PeopleRouter.swift in Sources */ = {isa = PBXBuildFile; fileRef = F0F17EB72BD1764800668C2D /* PeopleRouter.swift */; };
		F0F17EBA2BD1766E00668C2D /* PeopleInteractor.swift in Sources */ = {isa = PBXBuildFile; fileRef = F0F17EB92BD1766E00668C2D /* PeopleInteractor.swift */; };
		F0F17EBC2BD176BB00668C2D /* PeoplePresenter.swift in Sources */ = {isa = PBXBuildFile; fileRef = F0F17EBB2BD176BB00668C2D /* PeoplePresenter.swift */; };
		F0F17EC02BD17AB300668C2D /* Favorite.swift in Sources */ = {isa = PBXBuildFile; fileRef = F0F17EBF2BD17AB300668C2D /* Favorite.swift */; };
		F0F6661F2BF3A09F00514A81 /* MenuViewController.swift in Sources */ = {isa = PBXBuildFile; fileRef = F0F6661E2BF3A09F00514A81 /* MenuViewController.swift */; };
		F0FC887E2BF5506000492B15 /* FilterEntity.swift in Sources */ = {isa = PBXBuildFile; fileRef = F0FC887D2BF5506000492B15 /* FilterEntity.swift */; };
		F0FC88812BF556F000492B15 /* CategoryCellTableViewCell.swift in Sources */ = {isa = PBXBuildFile; fileRef = F0FC887F2BF556F000492B15 /* CategoryCellTableViewCell.swift */; };
		F0FC88822BF556F000492B15 /* CategoryCellTableViewCell.xib in Resources */ = {isa = PBXBuildFile; fileRef = F0FC88802BF556F000492B15 /* CategoryCellTableViewCell.xib */; };
/* End PBXBuildFile section */

/* Begin PBXContainerItemProxy section */
		F091EBD92B9FBA4600A6A042 /* PBXContainerItemProxy */ = {
			isa = PBXContainerItemProxy;
			containerPortal = F091EBBA2B9FBA4400A6A042 /* Project object */;
			proxyType = 1;
			remoteGlobalIDString = F091EBC12B9FBA4400A6A042;
			remoteInfo = MovieWorldApp;
		};
		F091EBE32B9FBA4600A6A042 /* PBXContainerItemProxy */ = {
			isa = PBXContainerItemProxy;
			containerPortal = F091EBBA2B9FBA4400A6A042 /* Project object */;
			proxyType = 1;
			remoteGlobalIDString = F091EBC12B9FBA4400A6A042;
			remoteInfo = MovieWorldApp;
		};
/* End PBXContainerItemProxy section */

/* Begin PBXCopyFilesBuildPhase section */
		F0A43D112BA98EB6007346B3 /* Embed Frameworks */ = {
			isa = PBXCopyFilesBuildPhase;
			buildActionMask = 2147483647;
			dstPath = "";
			dstSubfolderSpec = 10;
			files = (
			);
			name = "Embed Frameworks";
			runOnlyForDeploymentPostprocessing = 0;
		};
/* End PBXCopyFilesBuildPhase section */

/* Begin PBXFileReference section */
		F00386222BBC79EB00BCB7A6 /* TabbarViewController.swift */ = {isa = PBXFileReference; lastKnownFileType = sourcecode.swift; path = TabbarViewController.swift; sourceTree = "<group>"; };
		F00386242BBC7AE300BCB7A6 /* PeopleViewController.swift */ = {isa = PBXFileReference; lastKnownFileType = sourcecode.swift; path = PeopleViewController.swift; sourceTree = "<group>"; };
		F01336DA2BFD0F7400902CFD /* PeopleCollectionViewCell.swift */ = {isa = PBXFileReference; lastKnownFileType = sourcecode.swift; path = PeopleCollectionViewCell.swift; sourceTree = "<group>"; };
		F01336DB2BFD0F7400902CFD /* PeopleCollectionViewCell.xib */ = {isa = PBXFileReference; lastKnownFileType = file.xib; path = PeopleCollectionViewCell.xib; sourceTree = "<group>"; };
		F0425E5F2C00BC7300432792 /* DetailsMovie.swift */ = {isa = PBXFileReference; lastKnownFileType = sourcecode.swift; path = DetailsMovie.swift; sourceTree = "<group>"; };
		F0425E612C00BDAF00432792 /* DetailsViewController.swift */ = {isa = PBXFileReference; lastKnownFileType = sourcecode.swift; path = DetailsViewController.swift; sourceTree = "<group>"; };
		F0425E622C00BDAF00432792 /* DetailsViewController.xib */ = {isa = PBXFileReference; lastKnownFileType = file.xib; path = DetailsViewController.xib; sourceTree = "<group>"; };
		F0425E652C00E62A00432792 /* DetailRouter.swift */ = {isa = PBXFileReference; lastKnownFileType = sourcecode.swift; path = DetailRouter.swift; sourceTree = "<group>"; };
		F0425E672C00E65500432792 /* DetailPresenter.swift */ = {isa = PBXFileReference; lastKnownFileType = sourcecode.swift; path = DetailPresenter.swift; sourceTree = "<group>"; };
		F0425E692C00E68300432792 /* Detailınteractor.swift */ = {isa = PBXFileReference; lastKnownFileType = sourcecode.swift; path = "Detailınteractor.swift"; sourceTree = "<group>"; };
		F04E13582C11B7C9004C2285 /* FavoriteTableCell.swift */ = {isa = PBXFileReference; lastKnownFileType = sourcecode.swift; path = FavoriteTableCell.swift; sourceTree = "<group>"; };
		F04E13592C11B7C9004C2285 /* FavoriteTableCell.xib */ = {isa = PBXFileReference; lastKnownFileType = file.xib; path = FavoriteTableCell.xib; sourceTree = "<group>"; };
		F04E135C2C11CB8D004C2285 /* FavoritePresenter.swift */ = {isa = PBXFileReference; lastKnownFileType = sourcecode.swift; path = FavoritePresenter.swift; sourceTree = "<group>"; };
		F050B14D2BD6FA260079BE2F /* HorizontalViewCell.swift */ = {isa = PBXFileReference; lastKnownFileType = sourcecode.swift; path = HorizontalViewCell.swift; sourceTree = "<group>"; };
		F050B14E2BD6FA260079BE2F /* HorizontalViewCell.xib */ = {isa = PBXFileReference; lastKnownFileType = file.xib; path = HorizontalViewCell.xib; sourceTree = "<group>"; };
		F056DB012BB5F18200333A28 /* GoogleService-Info.plist */ = {isa = PBXFileReference; fileEncoding = 4; lastKnownFileType = text.plist.xml; path = "GoogleService-Info.plist"; sourceTree = "<group>"; };
		F056DB032BB5F35600333A28 /* AuthSigin.swift */ = {isa = PBXFileReference; lastKnownFileType = sourcecode.swift; path = AuthSigin.swift; sourceTree = "<group>"; };
		F056DB062BB5F3BF00333A28 /* SigninViewController.swift */ = {isa = PBXFileReference; lastKnownFileType = sourcecode.swift; path = SigninViewController.swift; sourceTree = "<group>"; };
		F05EB8F82BB8BC09001FC6FE /* HomeInteractor.swift */ = {isa = PBXFileReference; lastKnownFileType = sourcecode.swift; path = HomeInteractor.swift; sourceTree = "<group>"; };
		F05EB8FA2BB8BC16001FC6FE /* HomeRouter.swift */ = {isa = PBXFileReference; lastKnownFileType = sourcecode.swift; path = HomeRouter.swift; sourceTree = "<group>"; };
		F05EB8FC2BB8BC1F001FC6FE /* HomePresenter.swift */ = {isa = PBXFileReference; lastKnownFileType = sourcecode.swift; path = HomePresenter.swift; sourceTree = "<group>"; };
		F05EB8FE2BB8BC2C001FC6FE /* HomeViewController.swift */ = {isa = PBXFileReference; lastKnownFileType = sourcecode.swift; path = HomeViewController.swift; sourceTree = "<group>"; };
		F06A0B2D2BE6D5FA007E28E3 /* LabelCollectionViewCell.swift */ = {isa = PBXFileReference; lastKnownFileType = sourcecode.swift; path = LabelCollectionViewCell.swift; sourceTree = "<group>"; };
		F06A0B2E2BE6D5FA007E28E3 /* LabelCollectionViewCell.xib */ = {isa = PBXFileReference; lastKnownFileType = file.xib; path = LabelCollectionViewCell.xib; sourceTree = "<group>"; };
		F06A0B312BE6DBD9007E28E3 /* GenreEntitiy.swift */ = {isa = PBXFileReference; lastKnownFileType = sourcecode.swift; path = GenreEntitiy.swift; sourceTree = "<group>"; };
		F06A0B332BE6DC91007E28E3 /* GenreHandler.swift */ = {isa = PBXFileReference; lastKnownFileType = sourcecode.swift; path = GenreHandler.swift; sourceTree = "<group>"; };
		F07904702BA0C561000EA4B5 /* OnboardViewControler.swift */ = {isa = PBXFileReference; lastKnownFileType = sourcecode.swift; path = OnboardViewControler.swift; sourceTree = "<group>"; };
		F08113DD2BDEC30A00C06B39 /* Entitiy.swift */ = {isa = PBXFileReference; lastKnownFileType = sourcecode.swift; path = Entitiy.swift; sourceTree = "<group>"; };
		F091EBC22B9FBA4400A6A042 /* MovieWorldApp.app */ = {isa = PBXFileReference; explicitFileType = wrapper.application; includeInIndex = 0; path = MovieWorldApp.app; sourceTree = BUILT_PRODUCTS_DIR; };
		F091EBC52B9FBA4400A6A042 /* AppDelegate.swift */ = {isa = PBXFileReference; lastKnownFileType = sourcecode.swift; path = AppDelegate.swift; sourceTree = "<group>"; };
		F091EBC72B9FBA4400A6A042 /* SceneDelegate.swift */ = {isa = PBXFileReference; lastKnownFileType = sourcecode.swift; path = SceneDelegate.swift; sourceTree = "<group>"; };
		F091EBC92B9FBA4400A6A042 /* ViewController.swift */ = {isa = PBXFileReference; lastKnownFileType = sourcecode.swift; path = ViewController.swift; sourceTree = "<group>"; };
		F091EBCE2B9FBA4600A6A042 /* Assets.xcassets */ = {isa = PBXFileReference; lastKnownFileType = folder.assetcatalog; path = Assets.xcassets; sourceTree = "<group>"; };
		F091EBD12B9FBA4600A6A042 /* Base */ = {isa = PBXFileReference; lastKnownFileType = file.storyboard; name = Base; path = Base.lproj/LaunchScreen.storyboard; sourceTree = "<group>"; };
		F091EBD32B9FBA4600A6A042 /* Info.plist */ = {isa = PBXFileReference; lastKnownFileType = text.plist.xml; path = Info.plist; sourceTree = "<group>"; };
		F091EBD82B9FBA4600A6A042 /* MovieWorldAppTests.xctest */ = {isa = PBXFileReference; explicitFileType = wrapper.cfbundle; includeInIndex = 0; path = MovieWorldAppTests.xctest; sourceTree = BUILT_PRODUCTS_DIR; };
		F091EBDC2B9FBA4600A6A042 /* MovieWorldAppTests.swift */ = {isa = PBXFileReference; lastKnownFileType = sourcecode.swift; path = MovieWorldAppTests.swift; sourceTree = "<group>"; };
		F091EBE22B9FBA4600A6A042 /* MovieWorldAppUITests.xctest */ = {isa = PBXFileReference; explicitFileType = wrapper.cfbundle; includeInIndex = 0; path = MovieWorldAppUITests.xctest; sourceTree = BUILT_PRODUCTS_DIR; };
		F091EBE62B9FBA4600A6A042 /* MovieWorldAppUITests.swift */ = {isa = PBXFileReference; lastKnownFileType = sourcecode.swift; path = MovieWorldAppUITests.swift; sourceTree = "<group>"; };
		F091EBE82B9FBA4600A6A042 /* MovieWorldAppUITestsLaunchTests.swift */ = {isa = PBXFileReference; lastKnownFileType = sourcecode.swift; path = MovieWorldAppUITestsLaunchTests.swift; sourceTree = "<group>"; };
		F0A0A5882BADFA0100306897 /* AuthRoture.swift */ = {isa = PBXFileReference; lastKnownFileType = sourcecode.swift; path = AuthRoture.swift; sourceTree = "<group>"; };
		F0A0A58A2BADFA1100306897 /* AuthPresenter.swift */ = {isa = PBXFileReference; lastKnownFileType = sourcecode.swift; path = AuthPresenter.swift; sourceTree = "<group>"; };
		F0A0A58C2BADFA3500306897 /* Entity.swift */ = {isa = PBXFileReference; lastKnownFileType = sourcecode.swift; path = Entity.swift; sourceTree = "<group>"; };
		F0A0A58E2BADFA7700306897 /* AuthInteractor.swift */ = {isa = PBXFileReference; lastKnownFileType = sourcecode.swift; path = AuthInteractor.swift; sourceTree = "<group>"; };
		F0A43D122BA98F66007346B3 /* NetworkManager.swift */ = {isa = PBXFileReference; lastKnownFileType = sourcecode.swift; path = NetworkManager.swift; sourceTree = "<group>"; };
		F0A43D142BA9C1C8007346B3 /* NetworkHelper.swift */ = {isa = PBXFileReference; lastKnownFileType = sourcecode.swift; path = NetworkHelper.swift; sourceTree = "<group>"; };
		F0A43D182BA9C9DB007346B3 /* AuthenticationView.swift */ = {isa = PBXFileReference; lastKnownFileType = sourcecode.swift; path = AuthenticationView.swift; sourceTree = "<group>"; };
		F0A43D1A2BA9CCA3007346B3 /* AuthenticationVC.swift */ = {isa = PBXFileReference; lastKnownFileType = sourcecode.swift; path = AuthenticationVC.swift; sourceTree = "<group>"; };
		F0A43D1D2BAA0DF9007346B3 /* OnboardRouter.swift */ = {isa = PBXFileReference; lastKnownFileType = sourcecode.swift; path = OnboardRouter.swift; sourceTree = "<group>"; };
		F0A43D1F2BAA0E0B007346B3 /* OnboardPresenter.swift */ = {isa = PBXFileReference; lastKnownFileType = sourcecode.swift; path = OnboardPresenter.swift; sourceTree = "<group>"; };
		F0A6C9A52BB74CD800FF0B9A /* AlertMessage.swift */ = {isa = PBXFileReference; lastKnownFileType = sourcecode.swift; path = AlertMessage.swift; sourceTree = "<group>"; };
		F0C91FC82BE9808300704A5F /* HomeHeader.swift */ = {isa = PBXFileReference; lastKnownFileType = sourcecode.swift; path = HomeHeader.swift; sourceTree = "<group>"; };
		F0C91FC92BE9808300704A5F /* HomeHeader.xib */ = {isa = PBXFileReference; lastKnownFileType = file.xib; path = HomeHeader.xib; sourceTree = "<group>"; };
		F0CAEAF02BA2168900F2F5B9 /* OnboardView.swift */ = {isa = PBXFileReference; lastKnownFileType = sourcecode.swift; path = OnboardView.swift; sourceTree = "<group>"; };
		F0CAFC8C2BE822A500D80891 /* VerticalCell.swift */ = {isa = PBXFileReference; lastKnownFileType = sourcecode.swift; path = VerticalCell.swift; sourceTree = "<group>"; };
		F0CAFC8D2BE822A500D80891 /* VerticalCell.xib */ = {isa = PBXFileReference; lastKnownFileType = file.xib; path = VerticalCell.xib; sourceTree = "<group>"; };
		F0E171D82C0943BC00ECE11A /* companyViewCell.swift */ = {isa = PBXFileReference; lastKnownFileType = sourcecode.swift; path = companyViewCell.swift; sourceTree = "<group>"; };
		F0E171D92C0943BC00ECE11A /* companyViewCell.xib */ = {isa = PBXFileReference; lastKnownFileType = file.xib; path = companyViewCell.xib; sourceTree = "<group>"; };
		F0F17EB52BD1762B00668C2D /* PeopleEntity.swift */ = {isa = PBXFileReference; lastKnownFileType = sourcecode.swift; path = PeopleEntity.swift; sourceTree = "<group>"; };
		F0F17EB72BD1764800668C2D /* PeopleRouter.swift */ = {isa = PBXFileReference; lastKnownFileType = sourcecode.swift; path = PeopleRouter.swift; sourceTree = "<group>"; };
		F0F17EB92BD1766E00668C2D /* PeopleInteractor.swift */ = {isa = PBXFileReference; lastKnownFileType = sourcecode.swift; path = PeopleInteractor.swift; sourceTree = "<group>"; };
		F0F17EBB2BD176BB00668C2D /* PeoplePresenter.swift */ = {isa = PBXFileReference; lastKnownFileType = sourcecode.swift; path = PeoplePresenter.swift; sourceTree = "<group>"; };
		F0F17EBF2BD17AB300668C2D /* Favorite.swift */ = {isa = PBXFileReference; lastKnownFileType = sourcecode.swift; path = Favorite.swift; sourceTree = "<group>"; };
		F0F6661E2BF3A09F00514A81 /* MenuViewController.swift */ = {isa = PBXFileReference; lastKnownFileType = sourcecode.swift; path = MenuViewController.swift; sourceTree = "<group>"; };
		F0FC887D2BF5506000492B15 /* FilterEntity.swift */ = {isa = PBXFileReference; lastKnownFileType = sourcecode.swift; path = FilterEntity.swift; sourceTree = "<group>"; };
		F0FC887F2BF556F000492B15 /* CategoryCellTableViewCell.swift */ = {isa = PBXFileReference; lastKnownFileType = sourcecode.swift; path = CategoryCellTableViewCell.swift; sourceTree = "<group>"; };
		F0FC88802BF556F000492B15 /* CategoryCellTableViewCell.xib */ = {isa = PBXFileReference; lastKnownFileType = file.xib; path = CategoryCellTableViewCell.xib; sourceTree = "<group>"; };
/* End PBXFileReference section */

/* Begin PBXFrameworksBuildPhase section */
		F091EBBF2B9FBA4400A6A042 /* Frameworks */ = {
			isa = PBXFrameworksBuildPhase;
			buildActionMask = 2147483647;
			files = (
				F0A43D0D2BA98EB6007346B3 /* Alamofire in Frameworks */,
				F04D64A52BE130AE00209CF3 /* SDWebImageMapKit in Frameworks */,
				F0A6C9A82BB7617A00FF0B9A /* FirebaseAuth in Frameworks */,
				F04D64A32BE130AE00209CF3 /* SDWebImage in Frameworks */,
				F0A43D0F2BA98EB6007346B3 /* AlamofireDynamic in Frameworks */,
				F079046D2BA093E2000EA4B5 /* SnapKit in Frameworks */,
				F0A6C9AC2BB7617A00FF0B9A /* FirebaseStorage in Frameworks */,
				F079046F2BA093E2000EA4B5 /* SnapKit-Dynamic in Frameworks */,
				F0A6C9AA2BB7617A00FF0B9A /* FirebaseFirestore in Frameworks */,
			);
			runOnlyForDeploymentPostprocessing = 0;
		};
		F091EBD52B9FBA4600A6A042 /* Frameworks */ = {
			isa = PBXFrameworksBuildPhase;
			buildActionMask = 2147483647;
			files = (
			);
			runOnlyForDeploymentPostprocessing = 0;
		};
		F091EBDF2B9FBA4600A6A042 /* Frameworks */ = {
			isa = PBXFrameworksBuildPhase;
			buildActionMask = 2147483647;
			files = (
			);
			runOnlyForDeploymentPostprocessing = 0;
		};
/* End PBXFrameworksBuildPhase section */

/* Begin PBXGroup section */
		F056DB052BB5F38E00333A28 /* SigninView */ = {
			isa = PBXGroup;
			children = (
				F056DB032BB5F35600333A28 /* AuthSigin.swift */,
				F056DB062BB5F3BF00333A28 /* SigninViewController.swift */,
			);
			path = SigninView;
			sourceTree = "<group>";
		};
		F091EBB92B9FBA4400A6A042 = {
			isa = PBXGroup;
			children = (
				F091EBC42B9FBA4400A6A042 /* MovieWorldApp */,
				F091EBDB2B9FBA4600A6A042 /* MovieWorldAppTests */,
				F091EBE52B9FBA4600A6A042 /* MovieWorldAppUITests */,
				F091EBC32B9FBA4400A6A042 /* Products */,
				F0A43D0B2BA98EB6007346B3 /* Frameworks */,
			);
			sourceTree = "<group>";
		};
		F091EBC32B9FBA4400A6A042 /* Products */ = {
			isa = PBXGroup;
			children = (
				F091EBC22B9FBA4400A6A042 /* MovieWorldApp.app */,
				F091EBD82B9FBA4600A6A042 /* MovieWorldAppTests.xctest */,
				F091EBE22B9FBA4600A6A042 /* MovieWorldAppUITests.xctest */,
			);
			name = Products;
			sourceTree = "<group>";
		};
		F091EBC42B9FBA4400A6A042 /* MovieWorldApp */ = {
			isa = PBXGroup;
			children = (
				F091EBC72B9FBA4400A6A042 /* SceneDelegate.swift */,
				F091EBC52B9FBA4400A6A042 /* AppDelegate.swift */,
				F091EBC92B9FBA4400A6A042 /* ViewController.swift */,
				F0A43D172BA9C9C9007346B3 /* Authentication */,
				F091EBF52B9FBDDB00A6A042 /* Onboard */,
				F0B5B3322BA4F5ED0057FE6F /* Home */,
				F0B5B33A2BA4F7D00057FE6F /* Movie */,
				F0B5B3392BA4F7C00057FE6F /* MovieDetail */,
				F0B5B3372BA4F75F0057FE6F /* People */,
				F0B5B3362BA4F6DF0057FE6F /* Favorite */,
				F0B5B3332BA4F6090057FE6F /* Extension */,
				F0B5B3312BA4F5D20057FE6F /* Model */,
				F0B5B3302BA4F5C30057FE6F /* Cells */,
				F0B5B32F2BA4F5AF0057FE6F /* TabBar */,
				F0B5B32E2BA4F5A00057FE6F /* NetworkManager */,
				F091EBCE2B9FBA4600A6A042 /* Assets.xcassets */,
				F091EBD02B9FBA4600A6A042 /* LaunchScreen.storyboard */,
				F091EBD32B9FBA4600A6A042 /* Info.plist */,
				F056DB012BB5F18200333A28 /* GoogleService-Info.plist */,
			);
			path = MovieWorldApp;
			sourceTree = "<group>";
		};
		F091EBDB2B9FBA4600A6A042 /* MovieWorldAppTests */ = {
			isa = PBXGroup;
			children = (
				F091EBDC2B9FBA4600A6A042 /* MovieWorldAppTests.swift */,
			);
			path = MovieWorldAppTests;
			sourceTree = "<group>";
		};
		F091EBE52B9FBA4600A6A042 /* MovieWorldAppUITests */ = {
			isa = PBXGroup;
			children = (
				F091EBE62B9FBA4600A6A042 /* MovieWorldAppUITests.swift */,
				F091EBE82B9FBA4600A6A042 /* MovieWorldAppUITestsLaunchTests.swift */,
			);
			path = MovieWorldAppUITests;
			sourceTree = "<group>";
		};
		F091EBF52B9FBDDB00A6A042 /* Onboard */ = {
			isa = PBXGroup;
			children = (
				F07904702BA0C561000EA4B5 /* OnboardViewControler.swift */,
				F0A43D1D2BAA0DF9007346B3 /* OnboardRouter.swift */,
				F0CAEAF02BA2168900F2F5B9 /* OnboardView.swift */,
				F0A43D1F2BAA0E0B007346B3 /* OnboardPresenter.swift */,
			);
			path = Onboard;
			sourceTree = "<group>";
		};
		F0A0A5902BADFAE100306897 /* LoginView */ = {
			isa = PBXGroup;
			children = (
				F0A43D1A2BA9CCA3007346B3 /* AuthenticationVC.swift */,
				F0A43D182BA9C9DB007346B3 /* AuthenticationView.swift */,
			);
			path = LoginView;
			sourceTree = "<group>";
		};
		F0A43D0B2BA98EB6007346B3 /* Frameworks */ = {
			isa = PBXGroup;
			children = (
			);
			name = Frameworks;
			sourceTree = "<group>";
		};
		F0A43D172BA9C9C9007346B3 /* Authentication */ = {
			isa = PBXGroup;
			children = (
				F0A0A5902BADFAE100306897 /* LoginView */,
				F056DB052BB5F38E00333A28 /* SigninView */,
				F0A0A5882BADFA0100306897 /* AuthRoture.swift */,
				F0A0A58A2BADFA1100306897 /* AuthPresenter.swift */,
				F0A0A58C2BADFA3500306897 /* Entity.swift */,
				F0A0A58E2BADFA7700306897 /* AuthInteractor.swift */,
			);
			path = Authentication;
			sourceTree = "<group>";
		};
		F0B5B32E2BA4F5A00057FE6F /* NetworkManager */ = {
			isa = PBXGroup;
			children = (
				F0B5B3342BA4F65D0057FE6F /* Helper */,
				F0A43D122BA98F66007346B3 /* NetworkManager.swift */,
			);
			path = NetworkManager;
			sourceTree = "<group>";
		};
		F0B5B32F2BA4F5AF0057FE6F /* TabBar */ = {
			isa = PBXGroup;
			children = (
				F00386222BBC79EB00BCB7A6 /* TabbarViewController.swift */,
			);
			path = TabBar;
			sourceTree = "<group>";
		};
		F0B5B3302BA4F5C30057FE6F /* Cells */ = {
			isa = PBXGroup;
			children = (
				F050B14D2BD6FA260079BE2F /* HorizontalViewCell.swift */,
				F050B14E2BD6FA260079BE2F /* HorizontalViewCell.xib */,
				F0FC887F2BF556F000492B15 /* CategoryCellTableViewCell.swift */,
				F0FC88802BF556F000492B15 /* CategoryCellTableViewCell.xib */,
				F06A0B2D2BE6D5FA007E28E3 /* LabelCollectionViewCell.swift */,
				F06A0B2E2BE6D5FA007E28E3 /* LabelCollectionViewCell.xib */,
				F0CAFC8C2BE822A500D80891 /* VerticalCell.swift */,
				F0CAFC8D2BE822A500D80891 /* VerticalCell.xib */,
				F0C91FC82BE9808300704A5F /* HomeHeader.swift */,
				F0C91FC92BE9808300704A5F /* HomeHeader.xib */,
				F0E171D92C0943BC00ECE11A /* companyViewCell.xib */,
				F0E171D82C0943BC00ECE11A /* companyViewCell.swift */,
				F04E13582C11B7C9004C2285 /* FavoriteTableCell.swift */,
				F04E13592C11B7C9004C2285 /* FavoriteTableCell.xib */,
			);
			path = Cells;
			sourceTree = "<group>";
		};
		F0B5B3312BA4F5D20057FE6F /* Model */ = {
			isa = PBXGroup;
			children = (
			);
			path = Model;
			sourceTree = "<group>";
		};
		F0B5B3322BA4F5ED0057FE6F /* Home */ = {
			isa = PBXGroup;
			children = (
				F0B68E5D2BF24D430017089D /* SideMenu */,
				F0B5B3582BA4F9D40057FE6F /* Entity */,
				F0B5B3572BA4F9BC0057FE6F /* View */,
				F0B5B3562BA4F9B10057FE6F /* Interactor */,
				F0B5B3552BA4F9AB0057FE6F /* Rotuer */,
				F0B5B3542BA4F9A50057FE6F /* Presenter */,
			);
			path = Home;
			sourceTree = "<group>";
		};
		F0B5B3332BA4F6090057FE6F /* Extension */ = {
			isa = PBXGroup;
			children = (
				F0A6C9A52BB74CD800FF0B9A /* AlertMessage.swift */,
			);
			path = Extension;
			sourceTree = "<group>";
		};
		F0B5B3342BA4F65D0057FE6F /* Helper */ = {
			isa = PBXGroup;
			children = (
				F0A43D142BA9C1C8007346B3 /* NetworkHelper.swift */,
			);
			path = Helper;
			sourceTree = "<group>";
		};
		F0B5B3362BA4F6DF0057FE6F /* Favorite */ = {
			isa = PBXGroup;
			children = (
				F0B5B3522BA4F9810057FE6F /* Presenter */,
				F0B5B3502BA4F9730057FE6F /* Router */,
				F0B5B34F2BA4F96D0057FE6F /* View */,
			);
			path = Favorite;
			sourceTree = "<group>";
		};
		F0B5B3372BA4F75F0057FE6F /* People */ = {
			isa = PBXGroup;
			children = (
				F0ED5B4A2BFA204100394754 /* cell */,
				F0B5B34E2BA4F95C0057FE6F /* Entity */,
				F0B5B34D2BA4F9370057FE6F /* Router */,
				F0B5B34C2BA4F9310057FE6F /* Interactor */,
				F0B5B34B2BA4F9270057FE6F /* Presenter */,
				F0B5B34A2BA4F9220057FE6F /* View */,
				F00386242BBC7AE300BCB7A6 /* PeopleViewController.swift */,
			);
			path = People;
			sourceTree = "<group>";
		};
		F0B5B3392BA4F7C00057FE6F /* MovieDetail */ = {
			isa = PBXGroup;
			children = (
				F0B5B3442BA4F8CC0057FE6F /* Entity */,
				F0B5B3432BA4F8700057FE6F /* Interactor */,
				F0B5B3422BA4F8690057FE6F /* Rotuer */,
				F0B5B3412BA4F8620057FE6F /* Presenter */,
				F0B5B3402BA4F8570057FE6F /* View */,
			);
			path = MovieDetail;
			sourceTree = "<group>";
		};
		F0B5B33A2BA4F7D00057FE6F /* Movie */ = {
			isa = PBXGroup;
			children = (
				F0B5B33F2BA4F82D0057FE6F /* Entity */,
				F0B5B33E2BA4F7FC0057FE6F /* Interactor */,
				F0B5B33D2BA4F7F50057FE6F /* Rotuer */,
				F0B5B33C2BA4F7E90057FE6F /* Presenter */,
				F0B5B33B2BA4F7DF0057FE6F /* View */,
			);
			path = Movie;
			sourceTree = "<group>";
		};
		F0B5B33B2BA4F7DF0057FE6F /* View */ = {
			isa = PBXGroup;
			children = (
			);
			path = View;
			sourceTree = "<group>";
		};
		F0B5B33C2BA4F7E90057FE6F /* Presenter */ = {
			isa = PBXGroup;
			children = (
			);
			path = Presenter;
			sourceTree = "<group>";
		};
		F0B5B33D2BA4F7F50057FE6F /* Rotuer */ = {
			isa = PBXGroup;
			children = (
			);
			path = Rotuer;
			sourceTree = "<group>";
		};
		F0B5B33E2BA4F7FC0057FE6F /* Interactor */ = {
			isa = PBXGroup;
			children = (
			);
			path = Interactor;
			sourceTree = "<group>";
		};
		F0B5B33F2BA4F82D0057FE6F /* Entity */ = {
			isa = PBXGroup;
			children = (
			);
			path = Entity;
			sourceTree = "<group>";
		};
		F0B5B3402BA4F8570057FE6F /* View */ = {
			isa = PBXGroup;
			children = (
				F0425E622C00BDAF00432792 /* DetailsViewController.xib */,
				F0425E612C00BDAF00432792 /* DetailsViewController.swift */,
			);
			path = View;
			sourceTree = "<group>";
		};
		F0B5B3412BA4F8620057FE6F /* Presenter */ = {
			isa = PBXGroup;
			children = (
				F0425E672C00E65500432792 /* DetailPresenter.swift */,
			);
			path = Presenter;
			sourceTree = "<group>";
		};
		F0B5B3422BA4F8690057FE6F /* Rotuer */ = {
			isa = PBXGroup;
			children = (
				F0425E652C00E62A00432792 /* DetailRouter.swift */,
			);
			path = Rotuer;
			sourceTree = "<group>";
		};
		F0B5B3432BA4F8700057FE6F /* Interactor */ = {
			isa = PBXGroup;
			children = (
				F0425E692C00E68300432792 /* Detailınteractor.swift */,
			);
			path = Interactor;
			sourceTree = "<group>";
		};
		F0B5B3442BA4F8CC0057FE6F /* Entity */ = {
			isa = PBXGroup;
			children = (
				F0425E5F2C00BC7300432792 /* DetailsMovie.swift */,
			);
			path = Entity;
			sourceTree = "<group>";
		};
		F0B5B34A2BA4F9220057FE6F /* View */ = {
			isa = PBXGroup;
			children = (
			);
			name = View;
			path = "Vİew";
			sourceTree = "<group>";
		};
		F0B5B34B2BA4F9270057FE6F /* Presenter */ = {
			isa = PBXGroup;
			children = (
				F0F17EBB2BD176BB00668C2D /* PeoplePresenter.swift */,
			);
			path = Presenter;
			sourceTree = "<group>";
		};
		F0B5B34C2BA4F9310057FE6F /* Interactor */ = {
			isa = PBXGroup;
			children = (
				F0F17EB92BD1766E00668C2D /* PeopleInteractor.swift */,
			);
			path = Interactor;
			sourceTree = "<group>";
		};
		F0B5B34D2BA4F9370057FE6F /* Router */ = {
			isa = PBXGroup;
			children = (
				F0F17EB72BD1764800668C2D /* PeopleRouter.swift */,
			);
			path = Router;
			sourceTree = "<group>";
		};
		F0B5B34E2BA4F95C0057FE6F /* Entity */ = {
			isa = PBXGroup;
			children = (
				F0F17EB52BD1762B00668C2D /* PeopleEntity.swift */,
			);
			path = Entity;
			sourceTree = "<group>";
		};
		F0B5B34F2BA4F96D0057FE6F /* View */ = {
			isa = PBXGroup;
			children = (
				F0F17EBF2BD17AB300668C2D /* Favorite.swift */,
			);
			path = View;
			sourceTree = "<group>";
		};
		F0B5B3502BA4F9730057FE6F /* Router */ = {
			isa = PBXGroup;
			children = (
			);
			path = Router;
			sourceTree = "<group>";
		};
		F0B5B3522BA4F9810057FE6F /* Presenter */ = {
			isa = PBXGroup;
			children = (
				F04E135C2C11CB8D004C2285 /* FavoritePresenter.swift */,
			);
			path = Presenter;
			sourceTree = "<group>";
		};
		F0B5B3542BA4F9A50057FE6F /* Presenter */ = {
			isa = PBXGroup;
			children = (
				F06A0B332BE6DC91007E28E3 /* GenreHandler.swift */,
				F05EB8FC2BB8BC1F001FC6FE /* HomePresenter.swift */,
			);
			path = Presenter;
			sourceTree = "<group>";
		};
		F0B5B3552BA4F9AB0057FE6F /* Rotuer */ = {
			isa = PBXGroup;
			children = (
				F05EB8FA2BB8BC16001FC6FE /* HomeRouter.swift */,
			);
			path = Rotuer;
			sourceTree = "<group>";
		};
		F0B5B3562BA4F9B10057FE6F /* Interactor */ = {
			isa = PBXGroup;
			children = (
				F05EB8F82BB8BC09001FC6FE /* HomeInteractor.swift */,
			);
			path = Interactor;
			sourceTree = "<group>";
		};
		F0B5B3572BA4F9BC0057FE6F /* View */ = {
			isa = PBXGroup;
			children = (
				F05EB8FE2BB8BC2C001FC6FE /* HomeViewController.swift */,
			);
			path = View;
			sourceTree = "<group>";
		};
		F0B5B3582BA4F9D40057FE6F /* Entity */ = {
			isa = PBXGroup;
			children = (
				F08113DD2BDEC30A00C06B39 /* Entitiy.swift */,
				F06A0B312BE6DBD9007E28E3 /* GenreEntitiy.swift */,
				F0FC887D2BF5506000492B15 /* FilterEntity.swift */,
			);
			path = Entity;
			sourceTree = "<group>";
		};
		F0B68E5D2BF24D430017089D /* SideMenu */ = {
			isa = PBXGroup;
			children = (
				F0F6661E2BF3A09F00514A81 /* MenuViewController.swift */,
			);
			path = SideMenu;
			sourceTree = "<group>";
		};
		F0ED5B4A2BFA204100394754 /* cell */ = {
			isa = PBXGroup;
			children = (
				F01336DA2BFD0F7400902CFD /* PeopleCollectionViewCell.swift */,
				F01336DB2BFD0F7400902CFD /* PeopleCollectionViewCell.xib */,
			);
			path = cell;
			sourceTree = "<group>";
		};
/* End PBXGroup section */

/* Begin PBXNativeTarget section */
		F091EBC12B9FBA4400A6A042 /* MovieWorldApp */ = {
			isa = PBXNativeTarget;
			buildConfigurationList = F091EBEC2B9FBA4600A6A042 /* Build configuration list for PBXNativeTarget "MovieWorldApp" */;
			buildPhases = (
				F091EBBE2B9FBA4400A6A042 /* Sources */,
				F091EBBF2B9FBA4400A6A042 /* Frameworks */,
				F091EBC02B9FBA4400A6A042 /* Resources */,
				F0A43D112BA98EB6007346B3 /* Embed Frameworks */,
			);
			buildRules = (
			);
			dependencies = (
			);
			name = MovieWorldApp;
			packageProductDependencies = (
				F079046C2BA093E2000EA4B5 /* SnapKit */,
				F079046E2BA093E2000EA4B5 /* SnapKit-Dynamic */,
				F0A43D0C2BA98EB6007346B3 /* Alamofire */,
				F0A43D0E2BA98EB6007346B3 /* AlamofireDynamic */,
				F0A6C9A72BB7617A00FF0B9A /* FirebaseAuth */,
				F0A6C9A92BB7617A00FF0B9A /* FirebaseFirestore */,
				F0A6C9AB2BB7617A00FF0B9A /* FirebaseStorage */,
				F04D64A22BE130AE00209CF3 /* SDWebImage */,
				F04D64A42BE130AE00209CF3 /* SDWebImageMapKit */,
			);
			productName = MovieWorldApp;
			productReference = F091EBC22B9FBA4400A6A042 /* MovieWorldApp.app */;
			productType = "com.apple.product-type.application";
		};
		F091EBD72B9FBA4600A6A042 /* MovieWorldAppTests */ = {
			isa = PBXNativeTarget;
			buildConfigurationList = F091EBEF2B9FBA4600A6A042 /* Build configuration list for PBXNativeTarget "MovieWorldAppTests" */;
			buildPhases = (
				F091EBD42B9FBA4600A6A042 /* Sources */,
				F091EBD52B9FBA4600A6A042 /* Frameworks */,
				F091EBD62B9FBA4600A6A042 /* Resources */,
			);
			buildRules = (
			);
			dependencies = (
				F091EBDA2B9FBA4600A6A042 /* PBXTargetDependency */,
			);
			name = MovieWorldAppTests;
			productName = MovieWorldAppTests;
			productReference = F091EBD82B9FBA4600A6A042 /* MovieWorldAppTests.xctest */;
			productType = "com.apple.product-type.bundle.unit-test";
		};
		F091EBE12B9FBA4600A6A042 /* MovieWorldAppUITests */ = {
			isa = PBXNativeTarget;
			buildConfigurationList = F091EBF22B9FBA4600A6A042 /* Build configuration list for PBXNativeTarget "MovieWorldAppUITests" */;
			buildPhases = (
				F091EBDE2B9FBA4600A6A042 /* Sources */,
				F091EBDF2B9FBA4600A6A042 /* Frameworks */,
				F091EBE02B9FBA4600A6A042 /* Resources */,
			);
			buildRules = (
			);
			dependencies = (
				F091EBE42B9FBA4600A6A042 /* PBXTargetDependency */,
			);
			name = MovieWorldAppUITests;
			productName = MovieWorldAppUITests;
			productReference = F091EBE22B9FBA4600A6A042 /* MovieWorldAppUITests.xctest */;
			productType = "com.apple.product-type.bundle.ui-testing";
		};
/* End PBXNativeTarget section */

/* Begin PBXProject section */
		F091EBBA2B9FBA4400A6A042 /* Project object */ = {
			isa = PBXProject;
			attributes = {
				BuildIndependentTargetsInParallel = 1;
				LastSwiftUpdateCheck = 1500;
				LastUpgradeCheck = 1500;
				TargetAttributes = {
					F091EBC12B9FBA4400A6A042 = {
						CreatedOnToolsVersion = 15.0.1;
					};
					F091EBD72B9FBA4600A6A042 = {
						CreatedOnToolsVersion = 15.0.1;
						TestTargetID = F091EBC12B9FBA4400A6A042;
					};
					F091EBE12B9FBA4600A6A042 = {
						CreatedOnToolsVersion = 15.0.1;
						TestTargetID = F091EBC12B9FBA4400A6A042;
					};
				};
			};
			buildConfigurationList = F091EBBD2B9FBA4400A6A042 /* Build configuration list for PBXProject "MovieWorldApp" */;
			compatibilityVersion = "Xcode 14.0";
			developmentRegion = en;
			hasScannedForEncodings = 0;
			knownRegions = (
				en,
				Base,
			);
			mainGroup = F091EBB92B9FBA4400A6A042;
			packageReferences = (
				F07904662BA093C5000EA4B5 /* XCRemoteSwiftPackageReference "Alamofire" */,
				F079046B2BA093E2000EA4B5 /* XCRemoteSwiftPackageReference "SnapKit" */,
				F01758E02BB4FC8600896E03 /* XCRemoteSwiftPackageReference "firebase-ios-sdk" */,
				F04D64A12BE130AE00209CF3 /* XCRemoteSwiftPackageReference "SDWebImage" */,
			);
			productRefGroup = F091EBC32B9FBA4400A6A042 /* Products */;
			projectDirPath = "";
			projectRoot = "";
			targets = (
				F091EBC12B9FBA4400A6A042 /* MovieWorldApp */,
				F091EBD72B9FBA4600A6A042 /* MovieWorldAppTests */,
				F091EBE12B9FBA4600A6A042 /* MovieWorldAppUITests */,
			);
		};
/* End PBXProject section */

/* Begin PBXResourcesBuildPhase section */
		F091EBC02B9FBA4400A6A042 /* Resources */ = {
			isa = PBXResourcesBuildPhase;
			buildActionMask = 2147483647;
			files = (
				F050B1502BD6FA260079BE2F /* HorizontalViewCell.xib in Resources */,
				F0E171DB2C0943BC00ECE11A /* companyViewCell.xib in Resources */,
				F04E135B2C11B7C9004C2285 /* FavoriteTableCell.xib in Resources */,
				F0CAFC8F2BE822A500D80891 /* VerticalCell.xib in Resources */,
				F091EBD22B9FBA4600A6A042 /* LaunchScreen.storyboard in Resources */,
				F06A0B302BE6D5FA007E28E3 /* LabelCollectionViewCell.xib in Resources */,
				F0C91FCB2BE9808300704A5F /* HomeHeader.xib in Resources */,
				F091EBCF2B9FBA4600A6A042 /* Assets.xcassets in Resources */,
				F056DB022BB5F18300333A28 /* GoogleService-Info.plist in Resources */,
				F0425E642C00BDAF00432792 /* DetailsViewController.xib in Resources */,
				F0FC88822BF556F000492B15 /* CategoryCellTableViewCell.xib in Resources */,
				F01336DD2BFD0F7400902CFD /* PeopleCollectionViewCell.xib in Resources */,
			);
			runOnlyForDeploymentPostprocessing = 0;
		};
		F091EBD62B9FBA4600A6A042 /* Resources */ = {
			isa = PBXResourcesBuildPhase;
			buildActionMask = 2147483647;
			files = (
			);
			runOnlyForDeploymentPostprocessing = 0;
		};
		F091EBE02B9FBA4600A6A042 /* Resources */ = {
			isa = PBXResourcesBuildPhase;
			buildActionMask = 2147483647;
			files = (
			);
			runOnlyForDeploymentPostprocessing = 0;
		};
/* End PBXResourcesBuildPhase section */

/* Begin PBXSourcesBuildPhase section */
		F091EBBE2B9FBA4400A6A042 /* Sources */ = {
			isa = PBXSourcesBuildPhase;
			buildActionMask = 2147483647;
			files = (
				F0F17EC02BD17AB300668C2D /* Favorite.swift in Sources */,
				F00386252BBC7AE300BCB7A6 /* PeopleViewController.swift in Sources */,
				F0A43D152BA9C1C8007346B3 /* NetworkHelper.swift in Sources */,
				F0A43D132BA98F66007346B3 /* NetworkManager.swift in Sources */,
				F0A0A58F2BADFA7700306897 /* AuthInteractor.swift in Sources */,
				F0C91FCA2BE9808300704A5F /* HomeHeader.swift in Sources */,
				F05EB8F92BB8BC09001FC6FE /* HomeInteractor.swift in Sources */,
				F0A0A58D2BADFA3500306897 /* Entity.swift in Sources */,
				F0E171DA2C0943BC00ECE11A /* companyViewCell.swift in Sources */,
				F0A0A5892BADFA0100306897 /* AuthRoture.swift in Sources */,
				F0F17EB82BD1764800668C2D /* PeopleRouter.swift in Sources */,
				F0F17EBC2BD176BB00668C2D /* PeoplePresenter.swift in Sources */,
				F0425E632C00BDAF00432792 /* DetailsViewController.swift in Sources */,
				F05EB8FF2BB8BC2C001FC6FE /* HomeViewController.swift in Sources */,
				F07904712BA0C561000EA4B5 /* OnboardViewControler.swift in Sources */,
				F0FC88812BF556F000492B15 /* CategoryCellTableViewCell.swift in Sources */,
				F0425E682C00E65500432792 /* DetailPresenter.swift in Sources */,
				F0F17EB62BD1762B00668C2D /* PeopleEntity.swift in Sources */,
				F00386232BBC79EB00BCB7A6 /* TabbarViewController.swift in Sources */,
				F0CAEAF12BA2168900F2F5B9 /* OnboardView.swift in Sources */,
				F0F17EBA2BD1766E00668C2D /* PeopleInteractor.swift in Sources */,
				F0CAFC8E2BE822A500D80891 /* VerticalCell.swift in Sources */,
				F091EBCA2B9FBA4400A6A042 /* ViewController.swift in Sources */,
				F056DB072BB5F3BF00333A28 /* SigninViewController.swift in Sources */,
				F0A43D1B2BA9CCA3007346B3 /* AuthenticationVC.swift in Sources */,
				F091EBC62B9FBA4400A6A042 /* AppDelegate.swift in Sources */,
				F056DB042BB5F35600333A28 /* AuthSigin.swift in Sources */,
				F0A6C9A62BB74CD800FF0B9A /* AlertMessage.swift in Sources */,
				F0A0A58B2BADFA1100306897 /* AuthPresenter.swift in Sources */,
				F091EBC82B9FBA4400A6A042 /* SceneDelegate.swift in Sources */,
				F04E135A2C11B7C9004C2285 /* FavoriteTableCell.swift in Sources */,
				F0F6661F2BF3A09F00514A81 /* MenuViewController.swift in Sources */,
				F0425E662C00E62A00432792 /* DetailRouter.swift in Sources */,
				F0425E602C00BC7300432792 /* DetailsMovie.swift in Sources */,
				F06A0B342BE6DC91007E28E3 /* GenreHandler.swift in Sources */,
				F05EB8FB2BB8BC16001FC6FE /* HomeRouter.swift in Sources */,
				F0A43D202BAA0E0B007346B3 /* OnboardPresenter.swift in Sources */,
				F050B14F2BD6FA260079BE2F /* HorizontalViewCell.swift in Sources */,
				F0A43D1E2BAA0DF9007346B3 /* OnboardRouter.swift in Sources */,
				F0425E6A2C00E68300432792 /* Detailınteractor.swift in Sources */,
				F0FC887E2BF5506000492B15 /* FilterEntity.swift in Sources */,
				F06A0B322BE6DBD9007E28E3 /* GenreEntitiy.swift in Sources */,
				F04E135D2C11CB8E004C2285 /* FavoritePresenter.swift in Sources */,
				F08113DE2BDEC30A00C06B39 /* Entitiy.swift in Sources */,
				F0A43D192BA9C9DB007346B3 /* AuthenticationView.swift in Sources */,
				F01336DC2BFD0F7400902CFD /* PeopleCollectionViewCell.swift in Sources */,
				F05EB8FD2BB8BC1F001FC6FE /* HomePresenter.swift in Sources */,
				F06A0B2F2BE6D5FA007E28E3 /* LabelCollectionViewCell.swift in Sources */,
			);
			runOnlyForDeploymentPostprocessing = 0;
		};
		F091EBD42B9FBA4600A6A042 /* Sources */ = {
			isa = PBXSourcesBuildPhase;
			buildActionMask = 2147483647;
			files = (
				F091EBDD2B9FBA4600A6A042 /* MovieWorldAppTests.swift in Sources */,
			);
			runOnlyForDeploymentPostprocessing = 0;
		};
		F091EBDE2B9FBA4600A6A042 /* Sources */ = {
			isa = PBXSourcesBuildPhase;
			buildActionMask = 2147483647;
			files = (
				F091EBE92B9FBA4600A6A042 /* MovieWorldAppUITestsLaunchTests.swift in Sources */,
				F091EBE72B9FBA4600A6A042 /* MovieWorldAppUITests.swift in Sources */,
			);
			runOnlyForDeploymentPostprocessing = 0;
		};
/* End PBXSourcesBuildPhase section */

/* Begin PBXTargetDependency section */
		F091EBDA2B9FBA4600A6A042 /* PBXTargetDependency */ = {
			isa = PBXTargetDependency;
			target = F091EBC12B9FBA4400A6A042 /* MovieWorldApp */;
			targetProxy = F091EBD92B9FBA4600A6A042 /* PBXContainerItemProxy */;
		};
		F091EBE42B9FBA4600A6A042 /* PBXTargetDependency */ = {
			isa = PBXTargetDependency;
			target = F091EBC12B9FBA4400A6A042 /* MovieWorldApp */;
			targetProxy = F091EBE32B9FBA4600A6A042 /* PBXContainerItemProxy */;
		};
/* End PBXTargetDependency section */

/* Begin PBXVariantGroup section */
		F091EBD02B9FBA4600A6A042 /* LaunchScreen.storyboard */ = {
			isa = PBXVariantGroup;
			children = (
				F091EBD12B9FBA4600A6A042 /* Base */,
			);
			name = LaunchScreen.storyboard;
			sourceTree = "<group>";
		};
/* End PBXVariantGroup section */

/* Begin XCBuildConfiguration section */
		F091EBEA2B9FBA4600A6A042 /* Debug */ = {
			isa = XCBuildConfiguration;
			buildSettings = {
				ALWAYS_SEARCH_USER_PATHS = NO;
				ASSETCATALOG_COMPILER_GENERATE_SWIFT_ASSET_SYMBOL_EXTENSIONS = YES;
				CLANG_ANALYZER_NONNULL = YES;
				CLANG_ANALYZER_NUMBER_OBJECT_CONVERSION = YES_AGGRESSIVE;
				CLANG_CXX_LANGUAGE_STANDARD = "gnu++20";
				CLANG_ENABLE_MODULES = YES;
				CLANG_ENABLE_OBJC_ARC = YES;
				CLANG_ENABLE_OBJC_WEAK = YES;
				CLANG_WARN_BLOCK_CAPTURE_AUTORELEASING = YES;
				CLANG_WARN_BOOL_CONVERSION = YES;
				CLANG_WARN_COMMA = YES;
				CLANG_WARN_CONSTANT_CONVERSION = YES;
				CLANG_WARN_DEPRECATED_OBJC_IMPLEMENTATIONS = YES;
				CLANG_WARN_DIRECT_OBJC_ISA_USAGE = YES_ERROR;
				CLANG_WARN_DOCUMENTATION_COMMENTS = YES;
				CLANG_WARN_EMPTY_BODY = YES;
				CLANG_WARN_ENUM_CONVERSION = YES;
				CLANG_WARN_INFINITE_RECURSION = YES;
				CLANG_WARN_INT_CONVERSION = YES;
				CLANG_WARN_NON_LITERAL_NULL_CONVERSION = YES;
				CLANG_WARN_OBJC_IMPLICIT_RETAIN_SELF = YES;
				CLANG_WARN_OBJC_LITERAL_CONVERSION = YES;
				CLANG_WARN_OBJC_ROOT_CLASS = YES_ERROR;
				CLANG_WARN_QUOTED_INCLUDE_IN_FRAMEWORK_HEADER = YES;
				CLANG_WARN_RANGE_LOOP_ANALYSIS = YES;
				CLANG_WARN_STRICT_PROTOTYPES = YES;
				CLANG_WARN_SUSPICIOUS_MOVE = YES;
				CLANG_WARN_UNGUARDED_AVAILABILITY = YES_AGGRESSIVE;
				CLANG_WARN_UNREACHABLE_CODE = YES;
				CLANG_WARN__DUPLICATE_METHOD_MATCH = YES;
				COPY_PHASE_STRIP = NO;
				DEBUG_INFORMATION_FORMAT = dwarf;
				ENABLE_STRICT_OBJC_MSGSEND = YES;
				ENABLE_TESTABILITY = YES;
				ENABLE_USER_SCRIPT_SANDBOXING = YES;
				GCC_C_LANGUAGE_STANDARD = gnu17;
				GCC_DYNAMIC_NO_PIC = NO;
				GCC_NO_COMMON_BLOCKS = YES;
				GCC_OPTIMIZATION_LEVEL = 0;
				GCC_PREPROCESSOR_DEFINITIONS = (
					"DEBUG=1",
					"$(inherited)",
				);
				GCC_WARN_64_TO_32_BIT_CONVERSION = YES;
				GCC_WARN_ABOUT_RETURN_TYPE = YES_ERROR;
				GCC_WARN_UNDECLARED_SELECTOR = YES;
				GCC_WARN_UNINITIALIZED_AUTOS = YES_AGGRESSIVE;
				GCC_WARN_UNUSED_FUNCTION = YES;
				GCC_WARN_UNUSED_VARIABLE = YES;
				IPHONEOS_DEPLOYMENT_TARGET = 17.0;
				LOCALIZATION_PREFERS_STRING_CATALOGS = YES;
				MTL_ENABLE_DEBUG_INFO = INCLUDE_SOURCE;
				MTL_FAST_MATH = YES;
				ONLY_ACTIVE_ARCH = YES;
				SDKROOT = iphoneos;
				SWIFT_ACTIVE_COMPILATION_CONDITIONS = "DEBUG $(inherited)";
				SWIFT_OPTIMIZATION_LEVEL = "-Onone";
			};
			name = Debug;
		};
		F091EBEB2B9FBA4600A6A042 /* Release */ = {
			isa = XCBuildConfiguration;
			buildSettings = {
				ALWAYS_SEARCH_USER_PATHS = NO;
				ASSETCATALOG_COMPILER_GENERATE_SWIFT_ASSET_SYMBOL_EXTENSIONS = YES;
				CLANG_ANALYZER_NONNULL = YES;
				CLANG_ANALYZER_NUMBER_OBJECT_CONVERSION = YES_AGGRESSIVE;
				CLANG_CXX_LANGUAGE_STANDARD = "gnu++20";
				CLANG_ENABLE_MODULES = YES;
				CLANG_ENABLE_OBJC_ARC = YES;
				CLANG_ENABLE_OBJC_WEAK = YES;
				CLANG_WARN_BLOCK_CAPTURE_AUTORELEASING = YES;
				CLANG_WARN_BOOL_CONVERSION = YES;
				CLANG_WARN_COMMA = YES;
				CLANG_WARN_CONSTANT_CONVERSION = YES;
				CLANG_WARN_DEPRECATED_OBJC_IMPLEMENTATIONS = YES;
				CLANG_WARN_DIRECT_OBJC_ISA_USAGE = YES_ERROR;
				CLANG_WARN_DOCUMENTATION_COMMENTS = YES;
				CLANG_WARN_EMPTY_BODY = YES;
				CLANG_WARN_ENUM_CONVERSION = YES;
				CLANG_WARN_INFINITE_RECURSION = YES;
				CLANG_WARN_INT_CONVERSION = YES;
				CLANG_WARN_NON_LITERAL_NULL_CONVERSION = YES;
				CLANG_WARN_OBJC_IMPLICIT_RETAIN_SELF = YES;
				CLANG_WARN_OBJC_LITERAL_CONVERSION = YES;
				CLANG_WARN_OBJC_ROOT_CLASS = YES_ERROR;
				CLANG_WARN_QUOTED_INCLUDE_IN_FRAMEWORK_HEADER = YES;
				CLANG_WARN_RANGE_LOOP_ANALYSIS = YES;
				CLANG_WARN_STRICT_PROTOTYPES = YES;
				CLANG_WARN_SUSPICIOUS_MOVE = YES;
				CLANG_WARN_UNGUARDED_AVAILABILITY = YES_AGGRESSIVE;
				CLANG_WARN_UNREACHABLE_CODE = YES;
				CLANG_WARN__DUPLICATE_METHOD_MATCH = YES;
				COPY_PHASE_STRIP = NO;
				DEBUG_INFORMATION_FORMAT = "dwarf-with-dsym";
				ENABLE_NS_ASSERTIONS = NO;
				ENABLE_STRICT_OBJC_MSGSEND = YES;
				ENABLE_USER_SCRIPT_SANDBOXING = YES;
				GCC_C_LANGUAGE_STANDARD = gnu17;
				GCC_NO_COMMON_BLOCKS = YES;
				GCC_WARN_64_TO_32_BIT_CONVERSION = YES;
				GCC_WARN_ABOUT_RETURN_TYPE = YES_ERROR;
				GCC_WARN_UNDECLARED_SELECTOR = YES;
				GCC_WARN_UNINITIALIZED_AUTOS = YES_AGGRESSIVE;
				GCC_WARN_UNUSED_FUNCTION = YES;
				GCC_WARN_UNUSED_VARIABLE = YES;
				IPHONEOS_DEPLOYMENT_TARGET = 17.0;
				LOCALIZATION_PREFERS_STRING_CATALOGS = YES;
				MTL_ENABLE_DEBUG_INFO = NO;
				MTL_FAST_MATH = YES;
				SDKROOT = iphoneos;
				SWIFT_COMPILATION_MODE = wholemodule;
				VALIDATE_PRODUCT = YES;
			};
			name = Release;
		};
		F091EBED2B9FBA4600A6A042 /* Debug */ = {
			isa = XCBuildConfiguration;
			buildSettings = {
				ASSETCATALOG_COMPILER_APPICON_NAME = AppIcon;
				ASSETCATALOG_COMPILER_GLOBAL_ACCENT_COLOR_NAME = AccentColor;
				CODE_SIGN_STYLE = Automatic;
				CURRENT_PROJECT_VERSION = 1;
				DEVELOPMENT_TEAM = R7B985JJF2;
				GENERATE_INFOPLIST_FILE = YES;
				INFOPLIST_FILE = MovieWorldApp/Info.plist;
				INFOPLIST_KEY_UIApplicationSupportsIndirectInputEvents = YES;
				INFOPLIST_KEY_UILaunchStoryboardName = LaunchScreen;
				INFOPLIST_KEY_UISupportedInterfaceOrientations_iPad = "UIInterfaceOrientationPortrait UIInterfaceOrientationPortraitUpsideDown UIInterfaceOrientationLandscapeLeft UIInterfaceOrientationLandscapeRight";
				INFOPLIST_KEY_UISupportedInterfaceOrientations_iPhone = "UIInterfaceOrientationPortrait UIInterfaceOrientationLandscapeLeft UIInterfaceOrientationLandscapeRight";
				LD_RUNPATH_SEARCH_PATHS = (
					"$(inherited)",
					"@executable_path/Frameworks",
				);
				MARKETING_VERSION = 1.0;
				PRODUCT_BUNDLE_IDENTIFIER = yusuf.MovieWorldApp;
				PRODUCT_NAME = "$(TARGET_NAME)";
				SWIFT_EMIT_LOC_STRINGS = YES;
				SWIFT_VERSION = 5.0;
				TARGETED_DEVICE_FAMILY = "1,2";
			};
			name = Debug;
		};
		F091EBEE2B9FBA4600A6A042 /* Release */ = {
			isa = XCBuildConfiguration;
			buildSettings = {
				ASSETCATALOG_COMPILER_APPICON_NAME = AppIcon;
				ASSETCATALOG_COMPILER_GLOBAL_ACCENT_COLOR_NAME = AccentColor;
				CODE_SIGN_STYLE = Automatic;
				CURRENT_PROJECT_VERSION = 1;
				DEVELOPMENT_TEAM = R7B985JJF2;
				GENERATE_INFOPLIST_FILE = YES;
				INFOPLIST_FILE = MovieWorldApp/Info.plist;
				INFOPLIST_KEY_UIApplicationSupportsIndirectInputEvents = YES;
				INFOPLIST_KEY_UILaunchStoryboardName = LaunchScreen;
				INFOPLIST_KEY_UISupportedInterfaceOrientations_iPad = "UIInterfaceOrientationPortrait UIInterfaceOrientationPortraitUpsideDown UIInterfaceOrientationLandscapeLeft UIInterfaceOrientationLandscapeRight";
				INFOPLIST_KEY_UISupportedInterfaceOrientations_iPhone = "UIInterfaceOrientationPortrait UIInterfaceOrientationLandscapeLeft UIInterfaceOrientationLandscapeRight";
				LD_RUNPATH_SEARCH_PATHS = (
					"$(inherited)",
					"@executable_path/Frameworks",
				);
				MARKETING_VERSION = 1.0;
				PRODUCT_BUNDLE_IDENTIFIER = yusuf.MovieWorldApp;
				PRODUCT_NAME = "$(TARGET_NAME)";
				SWIFT_EMIT_LOC_STRINGS = YES;
				SWIFT_VERSION = 5.0;
				TARGETED_DEVICE_FAMILY = "1,2";
			};
			name = Release;
		};
		F091EBF02B9FBA4600A6A042 /* Debug */ = {
			isa = XCBuildConfiguration;
			buildSettings = {
				ALWAYS_EMBED_SWIFT_STANDARD_LIBRARIES = YES;
				BUNDLE_LOADER = "$(TEST_HOST)";
				CODE_SIGN_STYLE = Automatic;
				CURRENT_PROJECT_VERSION = 1;
				GENERATE_INFOPLIST_FILE = YES;
				IPHONEOS_DEPLOYMENT_TARGET = 17.0;
				MARKETING_VERSION = 1.0;
				PRODUCT_BUNDLE_IDENTIFIER = yusuf.MovieWorldAppTests;
				PRODUCT_NAME = "$(TARGET_NAME)";
				SWIFT_EMIT_LOC_STRINGS = NO;
				SWIFT_VERSION = 5.0;
				TARGETED_DEVICE_FAMILY = "1,2";
				TEST_HOST = "$(BUILT_PRODUCTS_DIR)/MovieWorldApp.app/$(BUNDLE_EXECUTABLE_FOLDER_PATH)/MovieWorldApp";
			};
			name = Debug;
		};
		F091EBF12B9FBA4600A6A042 /* Release */ = {
			isa = XCBuildConfiguration;
			buildSettings = {
				ALWAYS_EMBED_SWIFT_STANDARD_LIBRARIES = YES;
				BUNDLE_LOADER = "$(TEST_HOST)";
				CODE_SIGN_STYLE = Automatic;
				CURRENT_PROJECT_VERSION = 1;
				GENERATE_INFOPLIST_FILE = YES;
				IPHONEOS_DEPLOYMENT_TARGET = 17.0;
				MARKETING_VERSION = 1.0;
				PRODUCT_BUNDLE_IDENTIFIER = yusuf.MovieWorldAppTests;
				PRODUCT_NAME = "$(TARGET_NAME)";
				SWIFT_EMIT_LOC_STRINGS = NO;
				SWIFT_VERSION = 5.0;
				TARGETED_DEVICE_FAMILY = "1,2";
				TEST_HOST = "$(BUILT_PRODUCTS_DIR)/MovieWorldApp.app/$(BUNDLE_EXECUTABLE_FOLDER_PATH)/MovieWorldApp";
			};
			name = Release;
		};
		F091EBF32B9FBA4600A6A042 /* Debug */ = {
			isa = XCBuildConfiguration;
			buildSettings = {
				ALWAYS_EMBED_SWIFT_STANDARD_LIBRARIES = YES;
				CODE_SIGN_STYLE = Automatic;
				CURRENT_PROJECT_VERSION = 1;
				GENERATE_INFOPLIST_FILE = YES;
				MARKETING_VERSION = 1.0;
				PRODUCT_BUNDLE_IDENTIFIER = yusuf.MovieWorldAppUITests;
				PRODUCT_NAME = "$(TARGET_NAME)";
				SWIFT_EMIT_LOC_STRINGS = NO;
				SWIFT_VERSION = 5.0;
				TARGETED_DEVICE_FAMILY = "1,2";
				TEST_TARGET_NAME = MovieWorldApp;
			};
			name = Debug;
		};
		F091EBF42B9FBA4600A6A042 /* Release */ = {
			isa = XCBuildConfiguration;
			buildSettings = {
				ALWAYS_EMBED_SWIFT_STANDARD_LIBRARIES = YES;
				CODE_SIGN_STYLE = Automatic;
				CURRENT_PROJECT_VERSION = 1;
				GENERATE_INFOPLIST_FILE = YES;
				MARKETING_VERSION = 1.0;
				PRODUCT_BUNDLE_IDENTIFIER = yusuf.MovieWorldAppUITests;
				PRODUCT_NAME = "$(TARGET_NAME)";
				SWIFT_EMIT_LOC_STRINGS = NO;
				SWIFT_VERSION = 5.0;
				TARGETED_DEVICE_FAMILY = "1,2";
				TEST_TARGET_NAME = MovieWorldApp;
			};
			name = Release;
		};
/* End XCBuildConfiguration section */

/* Begin XCConfigurationList section */
		F091EBBD2B9FBA4400A6A042 /* Build configuration list for PBXProject "MovieWorldApp" */ = {
			isa = XCConfigurationList;
			buildConfigurations = (
				F091EBEA2B9FBA4600A6A042 /* Debug */,
				F091EBEB2B9FBA4600A6A042 /* Release */,
			);
			defaultConfigurationIsVisible = 0;
			defaultConfigurationName = Release;
		};
		F091EBEC2B9FBA4600A6A042 /* Build configuration list for PBXNativeTarget "MovieWorldApp" */ = {
			isa = XCConfigurationList;
			buildConfigurations = (
				F091EBED2B9FBA4600A6A042 /* Debug */,
				F091EBEE2B9FBA4600A6A042 /* Release */,
			);
			defaultConfigurationIsVisible = 0;
			defaultConfigurationName = Release;
		};
		F091EBEF2B9FBA4600A6A042 /* Build configuration list for PBXNativeTarget "MovieWorldAppTests" */ = {
			isa = XCConfigurationList;
			buildConfigurations = (
				F091EBF02B9FBA4600A6A042 /* Debug */,
				F091EBF12B9FBA4600A6A042 /* Release */,
			);
			defaultConfigurationIsVisible = 0;
			defaultConfigurationName = Release;
		};
		F091EBF22B9FBA4600A6A042 /* Build configuration list for PBXNativeTarget "MovieWorldAppUITests" */ = {
			isa = XCConfigurationList;
			buildConfigurations = (
				F091EBF32B9FBA4600A6A042 /* Debug */,
				F091EBF42B9FBA4600A6A042 /* Release */,
			);
			defaultConfigurationIsVisible = 0;
			defaultConfigurationName = Release;
		};
/* End XCConfigurationList section */

/* Begin XCRemoteSwiftPackageReference section */
		F01758E02BB4FC8600896E03 /* XCRemoteSwiftPackageReference "firebase-ios-sdk" */ = {
			isa = XCRemoteSwiftPackageReference;
			repositoryURL = "https://github.com/firebase/firebase-ios-sdk.git";
			requirement = {
				kind = upToNextMajorVersion;
				minimumVersion = 10.23.0;
			};
		};
		F04D64A12BE130AE00209CF3 /* XCRemoteSwiftPackageReference "SDWebImage" */ = {
			isa = XCRemoteSwiftPackageReference;
			repositoryURL = "https://github.com/SDWebImage/SDWebImage.git";
			requirement = {
				kind = upToNextMajorVersion;
				minimumVersion = 5.19.1;
			};
		};
		F07904662BA093C5000EA4B5 /* XCRemoteSwiftPackageReference "Alamofire" */ = {
			isa = XCRemoteSwiftPackageReference;
			repositoryURL = "https://github.com/Alamofire/Alamofire.git";
			requirement = {
				kind = upToNextMajorVersion;
				minimumVersion = 5.9.0;
			};
		};
		F079046B2BA093E2000EA4B5 /* XCRemoteSwiftPackageReference "SnapKit" */ = {
			isa = XCRemoteSwiftPackageReference;
			repositoryURL = "https://github.com/SnapKit/SnapKit.git";
			requirement = {
				kind = upToNextMajorVersion;
				minimumVersion = 5.7.1;
			};
		};
/* End XCRemoteSwiftPackageReference section */

/* Begin XCSwiftPackageProductDependency section */
		F04D64A22BE130AE00209CF3 /* SDWebImage */ = {
			isa = XCSwiftPackageProductDependency;
			package = F04D64A12BE130AE00209CF3 /* XCRemoteSwiftPackageReference "SDWebImage" */;
			productName = SDWebImage;
		};
		F04D64A42BE130AE00209CF3 /* SDWebImageMapKit */ = {
			isa = XCSwiftPackageProductDependency;
			package = F04D64A12BE130AE00209CF3 /* XCRemoteSwiftPackageReference "SDWebImage" */;
			productName = SDWebImageMapKit;
		};
		F079046C2BA093E2000EA4B5 /* SnapKit */ = {
			isa = XCSwiftPackageProductDependency;
			package = F079046B2BA093E2000EA4B5 /* XCRemoteSwiftPackageReference "SnapKit" */;
			productName = SnapKit;
		};
		F079046E2BA093E2000EA4B5 /* SnapKit-Dynamic */ = {
			isa = XCSwiftPackageProductDependency;
			package = F079046B2BA093E2000EA4B5 /* XCRemoteSwiftPackageReference "SnapKit" */;
			productName = "SnapKit-Dynamic";
		};
		F0A43D0C2BA98EB6007346B3 /* Alamofire */ = {
			isa = XCSwiftPackageProductDependency;
			package = F07904662BA093C5000EA4B5 /* XCRemoteSwiftPackageReference "Alamofire" */;
			productName = Alamofire;
		};
		F0A43D0E2BA98EB6007346B3 /* AlamofireDynamic */ = {
			isa = XCSwiftPackageProductDependency;
			package = F07904662BA093C5000EA4B5 /* XCRemoteSwiftPackageReference "Alamofire" */;
			productName = AlamofireDynamic;
		};
		F0A6C9A72BB7617A00FF0B9A /* FirebaseAuth */ = {
			isa = XCSwiftPackageProductDependency;
			package = F01758E02BB4FC8600896E03 /* XCRemoteSwiftPackageReference "firebase-ios-sdk" */;
			productName = FirebaseAuth;
		};
		F0A6C9A92BB7617A00FF0B9A /* FirebaseFirestore */ = {
			isa = XCSwiftPackageProductDependency;
			package = F01758E02BB4FC8600896E03 /* XCRemoteSwiftPackageReference "firebase-ios-sdk" */;
			productName = FirebaseFirestore;
		};
		F0A6C9AB2BB7617A00FF0B9A /* FirebaseStorage */ = {
			isa = XCSwiftPackageProductDependency;
			package = F01758E02BB4FC8600896E03 /* XCRemoteSwiftPackageReference "firebase-ios-sdk" */;
			productName = FirebaseStorage;
		};
/* End XCSwiftPackageProductDependency section */
	};
	rootObject = F091EBBA2B9FBA4400A6A042 /* Project object */;
}
